
Microsoft Visual Studio Solution File, Format Version 12.00
# Visual Studio Version 17
VisualStudioVersion = 17.6.33815.320
MinimumVisualStudioVersion = 10.0.40219.1
Project("{2150E333-8FDC-42A3-9474-1A3956D46DE8}") = "BookingService", "BookingService", "{75C0FA65-3566-449F-BE27-42D502B4690E}"
EndProject
Project("{2150E333-8FDC-42A3-9474-1A3956D46DE8}") = "PaymentService", "PaymentService", "{0904E54A-C3CE-4CED-8ED4-907FBE12A062}"
EndProject
Project("{2150E333-8FDC-42A3-9474-1A3956D46DE8}") = "Core", "Core", "{DE88C372-9281-4586-BBD9-2E37005DF43B}"
EndProject
Project("{2150E333-8FDC-42A3-9474-1A3956D46DE8}") = "Domain", "Domain", "{ECB8E369-5C14-47C5-AEF7-EDA1F936726E}"
EndProject
Project("{2150E333-8FDC-42A3-9474-1A3956D46DE8}") = "Application", "Application", "{B87E2EBD-F254-439B-8478-588291C315F5}"
EndProject
Project("{2150E333-8FDC-42A3-9474-1A3956D46DE8}") = "Consumers", "Consumers", "{15C1BD6B-FBE9-40C3-8585-1B4D6695C554}"
EndProject
Project("{2150E333-8FDC-42A3-9474-1A3956D46DE8}") = "Tests", "Tests", "{512342AF-7576-42E7-9E33-D2523E4CCAE1}"
EndProject
Project("{2150E333-8FDC-42A3-9474-1A3956D46DE8}") = "Adapters", "Adapters", "{8F50EDCE-ED8D-40F0-9EE6-540A98D6D9C2}"
EndProject
Project("{2150E333-8FDC-42A3-9474-1A3956D46DE8}") = "Adapters", "Adapters", "{B9857CD3-DC86-4FF7-9EA2-76901E158D8E}"
EndProject
Project("{2150E333-8FDC-42A3-9474-1A3956D46DE8}") = "Application", "Application", "{AEEFD3DC-56FB-40D5-99B9-9AF64CA6FAF5}"
EndProject
Project("{2150E333-8FDC-42A3-9474-1A3956D46DE8}") = "Domain", "Domain", "{482C1B95-F133-4229-A9E1-BE81DDCAEA12}"
EndProject
Project("{9A19103F-16F7-4668-BE54-9A1E7A4F7556}") = "DomainTests", "BookingService\Tests\Domain\DomainTests\DomainTests.csproj", "{2ADAB162-5049-4A3F-ACF3-27D7AFC7E850}"
EndProject
Project("{9A19103F-16F7-4668-BE54-9A1E7A4F7556}") = "ApplicationTests", "BookingService\Tests\Application\ApplicationTests\ApplicationTests.csproj", "{F978B426-A32C-4E03-9851-78530E4B27D3}"
EndProject
Project("{9A19103F-16F7-4668-BE54-9A1E7A4F7556}") = "AdaptersTests", "BookingService\Tests\Adapters\AdaptersTests\AdaptersTests.csproj", "{07CA4A99-5B9B-49CD-B031-B543A403C4A8}"
EndProject
Project("{9A19103F-16F7-4668-BE54-9A1E7A4F7556}") = "API", "BookingService\Consumers\API\API.csproj", "{E23B3AA2-281A-4B22-9263-BA0AB30F9BC5}"
EndProject
Project("{9A19103F-16F7-4668-BE54-9A1E7A4F7556}") = "Data", "BookingService\Adapters\Data\Data.csproj", "{ED9C3BCA-CBC6-4F8A-A25C-2FD94AA78AF5}"
EndProject
Project("{9A19103F-16F7-4668-BE54-9A1E7A4F7556}") = "Application", "BookingService\Core\Application\Application.csproj", "{FF638091-64ED-4273-96EE-A3E94F6FA4DB}"
EndProject
Project("{9A19103F-16F7-4668-BE54-9A1E7A4F7556}") = "Domain", "BookingService\Core\Domain\Domain.csproj", "{2C9E3E4F-CDD0-46E5-9A41-7A6CE20D9CF3}"
EndProject
Global
	GlobalSection(SolutionConfigurationPlatforms) = preSolution
		Debug|Any CPU = Debug|Any CPU
		Release|Any CPU = Release|Any CPU
	EndGlobalSection
	GlobalSection(ProjectConfigurationPlatforms) = postSolution
		{2ADAB162-5049-4A3F-ACF3-27D7AFC7E850}.Debug|Any CPU.ActiveCfg = Debug|Any CPU
		{2ADAB162-5049-4A3F-ACF3-27D7AFC7E850}.Debug|Any CPU.Build.0 = Debug|Any CPU
		{2ADAB162-5049-4A3F-ACF3-27D7AFC7E850}.Release|Any CPU.ActiveCfg = Release|Any CPU
		{2ADAB162-5049-4A3F-ACF3-27D7AFC7E850}.Release|Any CPU.Build.0 = Release|Any CPU
		{F978B426-A32C-4E03-9851-78530E4B27D3}.Debug|Any CPU.ActiveCfg = Debug|Any CPU
		{F978B426-A32C-4E03-9851-78530E4B27D3}.Debug|Any CPU.Build.0 = Debug|Any CPU
		{F978B426-A32C-4E03-9851-78530E4B27D3}.Release|Any CPU.ActiveCfg = Release|Any CPU
		{F978B426-A32C-4E03-9851-78530E4B27D3}.Release|Any CPU.Build.0 = Release|Any CPU
		{07CA4A99-5B9B-49CD-B031-B543A403C4A8}.Debug|Any CPU.ActiveCfg = Debug|Any CPU
		{07CA4A99-5B9B-49CD-B031-B543A403C4A8}.Debug|Any CPU.Build.0 = Debug|Any CPU
		{07CA4A99-5B9B-49CD-B031-B543A403C4A8}.Release|Any CPU.ActiveCfg = Release|Any CPU
		{07CA4A99-5B9B-49CD-B031-B543A403C4A8}.Release|Any CPU.Build.0 = Release|Any CPU
		{E23B3AA2-281A-4B22-9263-BA0AB30F9BC5}.Debug|Any CPU.ActiveCfg = Debug|Any CPU
		{E23B3AA2-281A-4B22-9263-BA0AB30F9BC5}.Debug|Any CPU.Build.0 = Debug|Any CPU
		{E23B3AA2-281A-4B22-9263-BA0AB30F9BC5}.Release|Any CPU.ActiveCfg = Release|Any CPU
		{E23B3AA2-281A-4B22-9263-BA0AB30F9BC5}.Release|Any CPU.Build.0 = Release|Any CPU
		{ED9C3BCA-CBC6-4F8A-A25C-2FD94AA78AF5}.Debug|Any CPU.ActiveCfg = Debug|Any CPU
		{ED9C3BCA-CBC6-4F8A-A25C-2FD94AA78AF5}.Debug|Any CPU.Build.0 = Debug|Any CPU
		{ED9C3BCA-CBC6-4F8A-A25C-2FD94AA78AF5}.Release|Any CPU.ActiveCfg = Release|Any CPU
		{ED9C3BCA-CBC6-4F8A-A25C-2FD94AA78AF5}.Release|Any CPU.Build.0 = Release|Any CPU
		{FF638091-64ED-4273-96EE-A3E94F6FA4DB}.Debug|Any CPU.ActiveCfg = Debug|Any CPU
		{FF638091-64ED-4273-96EE-A3E94F6FA4DB}.Debug|Any CPU.Build.0 = Debug|Any CPU
		{FF638091-64ED-4273-96EE-A3E94F6FA4DB}.Release|Any CPU.ActiveCfg = Release|Any CPU
		{FF638091-64ED-4273-96EE-A3E94F6FA4DB}.Release|Any CPU.Build.0 = Release|Any CPU
		{2C9E3E4F-CDD0-46E5-9A41-7A6CE20D9CF3}.Debug|Any CPU.ActiveCfg = Debug|Any CPU
		{2C9E3E4F-CDD0-46E5-9A41-7A6CE20D9CF3}.Debug|Any CPU.Build.0 = Debug|Any CPU
		{2C9E3E4F-CDD0-46E5-9A41-7A6CE20D9CF3}.Release|Any CPU.ActiveCfg = Release|Any CPU
		{2C9E3E4F-CDD0-46E5-9A41-7A6CE20D9CF3}.Release|Any CPU.Build.0 = Release|Any CPU
	EndGlobalSection
	GlobalSection(SolutionProperties) = preSolution
		HideSolutionNode = FALSE
	EndGlobalSection
	GlobalSection(NestedProjects) = preSolution
		{DE88C372-9281-4586-BBD9-2E37005DF43B} = {75C0FA65-3566-449F-BE27-42D502B4690E}
		{ECB8E369-5C14-47C5-AEF7-EDA1F936726E} = {DE88C372-9281-4586-BBD9-2E37005DF43B}
		{B87E2EBD-F254-439B-8478-588291C315F5} = {DE88C372-9281-4586-BBD9-2E37005DF43B}
		{15C1BD6B-FBE9-40C3-8585-1B4D6695C554} = {75C0FA65-3566-449F-BE27-42D502B4690E}
		{512342AF-7576-42E7-9E33-D2523E4CCAE1} = {75C0FA65-3566-449F-BE27-42D502B4690E}
		{8F50EDCE-ED8D-40F0-9EE6-540A98D6D9C2} = {75C0FA65-3566-449F-BE27-42D502B4690E}
		{B9857CD3-DC86-4FF7-9EA2-76901E158D8E} = {512342AF-7576-42E7-9E33-D2523E4CCAE1}
		{AEEFD3DC-56FB-40D5-99B9-9AF64CA6FAF5} = {512342AF-7576-42E7-9E33-D2523E4CCAE1}
		{482C1B95-F133-4229-A9E1-BE81DDCAEA12} = {512342AF-7576-42E7-9E33-D2523E4CCAE1}
		{2ADAB162-5049-4A3F-ACF3-27D7AFC7E850} = {482C1B95-F133-4229-A9E1-BE81DDCAEA12}
		{F978B426-A32C-4E03-9851-78530E4B27D3} = {AEEFD3DC-56FB-40D5-99B9-9AF64CA6FAF5}
		{07CA4A99-5B9B-49CD-B031-B543A403C4A8} = {B9857CD3-DC86-4FF7-9EA2-76901E158D8E}
		{E23B3AA2-281A-4B22-9263-BA0AB30F9BC5} = {15C1BD6B-FBE9-40C3-8585-1B4D6695C554}
		{ED9C3BCA-CBC6-4F8A-A25C-2FD94AA78AF5} = {8F50EDCE-ED8D-40F0-9EE6-540A98D6D9C2}
		{FF638091-64ED-4273-96EE-A3E94F6FA4DB} = {B87E2EBD-F254-439B-8478-588291C315F5}
		{2C9E3E4F-CDD0-46E5-9A41-7A6CE20D9CF3} = {ECB8E369-5C14-47C5-AEF7-EDA1F936726E}
	EndGlobalSection
	GlobalSection(ExtensibilityGlobals) = postSolution
		SolutionGuid = {AAFA48C3-D295-4ED3-8F94-57E6D36AE3C9}
	EndGlobalSection
EndGlobal
